// !$*UTF8*$!
{
	archiveVersion = 1;
	classes = {
	};
	objectVersion = 50;
	objects = {

/* Begin PBXBuildFile section */
		1FB23D5826161E1B2A67668A /* Pods_AlarmManager.framework in Frameworks */ = {isa = PBXBuildFile; fileRef = 3842B8C653DB03D3CFAF7E31 /* Pods_AlarmManager.framework */; };
		8C93B10221499ADD001EB601 /* AppDelegate.swift in Sources */ = {isa = PBXBuildFile; fileRef = 8C93B10121499ADD001EB601 /* AppDelegate.swift */; };
		8C93B10421499ADD001EB601 /* ViewController.swift in Sources */ = {isa = PBXBuildFile; fileRef = 8C93B10321499ADD001EB601 /* ViewController.swift */; };
		8C93B10721499ADD001EB601 /* Main.storyboard in Resources */ = {isa = PBXBuildFile; fileRef = 8C93B10521499ADD001EB601 /* Main.storyboard */; };
		8C93B10A21499ADD001EB601 /* AlarmManager.xcdatamodeld in Sources */ = {isa = PBXBuildFile; fileRef = 8C93B10821499ADD001EB601 /* AlarmManager.xcdatamodeld */; };
		8C93B10C21499AE0001EB601 /* Assets.xcassets in Resources */ = {isa = PBXBuildFile; fileRef = 8C93B10B21499AE0001EB601 /* Assets.xcassets */; };
		8C93B10F21499AE0001EB601 /* LaunchScreen.storyboard in Resources */ = {isa = PBXBuildFile; fileRef = 8C93B10D21499AE0001EB601 /* LaunchScreen.storyboard */; };
		8CBE8E47214BF6C5006B6328 /* UIWindow+Extension.swift in Sources */ = {isa = PBXBuildFile; fileRef = 8CBE8E46214BF6C5006B6328 /* UIWindow+Extension.swift */; };
		8CD8A8232155638C008170E0 /* bell.mp3 in Resources */ = {isa = PBXBuildFile; fileRef = 8CD8A8222155638B008170E0 /* bell.mp3 */; };
/* End PBXBuildFile section */

/* Begin PBXFileReference section */
		28C2B22378C9518C39AB2883 /* Pods-AlarmManager.debug.xcconfig */ = {isa = PBXFileReference; includeInIndex = 1; lastKnownFileType = text.xcconfig; name = "Pods-AlarmManager.debug.xcconfig"; path = "Pods/Target Support Files/Pods-AlarmManager/Pods-AlarmManager.debug.xcconfig"; sourceTree = "<group>"; };
		3842B8C653DB03D3CFAF7E31 /* Pods_AlarmManager.framework */ = {isa = PBXFileReference; explicitFileType = wrapper.framework; includeInIndex = 0; path = Pods_AlarmManager.framework; sourceTree = BUILT_PRODUCTS_DIR; };
		8C93B0FE21499ADD001EB601 /* AlarmManager.app */ = {isa = PBXFileReference; explicitFileType = wrapper.application; includeInIndex = 0; path = AlarmManager.app; sourceTree = BUILT_PRODUCTS_DIR; };
		8C93B10121499ADD001EB601 /* AppDelegate.swift */ = {isa = PBXFileReference; lastKnownFileType = sourcecode.swift; path = AppDelegate.swift; sourceTree = "<group>"; };
		8C93B10321499ADD001EB601 /* ViewController.swift */ = {isa = PBXFileReference; lastKnownFileType = sourcecode.swift; path = ViewController.swift; sourceTree = "<group>"; };
		8C93B10621499ADD001EB601 /* Base */ = {isa = PBXFileReference; lastKnownFileType = file.storyboard; name = Base; path = Base.lproj/Main.storyboard; sourceTree = "<group>"; };
		8C93B10921499ADD001EB601 /* AlarmManager.xcdatamodel */ = {isa = PBXFileReference; lastKnownFileType = wrapper.xcdatamodel; path = AlarmManager.xcdatamodel; sourceTree = "<group>"; };
		8C93B10B21499AE0001EB601 /* Assets.xcassets */ = {isa = PBXFileReference; lastKnownFileType = folder.assetcatalog; path = Assets.xcassets; sourceTree = "<group>"; };
		8C93B10E21499AE0001EB601 /* Base */ = {isa = PBXFileReference; lastKnownFileType = file.storyboard; name = Base; path = Base.lproj/LaunchScreen.storyboard; sourceTree = "<group>"; };
		8C93B11021499AE0001EB601 /* Info.plist */ = {isa = PBXFileReference; lastKnownFileType = text.plist.xml; path = Info.plist; sourceTree = "<group>"; };
		8CBE8E46214BF6C5006B6328 /* UIWindow+Extension.swift */ = {isa = PBXFileReference; fileEncoding = 4; lastKnownFileType = sourcecode.swift; path = "UIWindow+Extension.swift"; sourceTree = "<group>"; };
		8CD8A8222155638B008170E0 /* bell.mp3 */ = {isa = PBXFileReference; lastKnownFileType = audio.mp3; name = bell.mp3; path = ../../../NativeScriptAlarm/Assets/bell.mp3; sourceTree = "<group>"; };
		96ECCD03E9A8CF9B804EF127 /* Pods-AlarmManager.release.xcconfig */ = {isa = PBXFileReference; includeInIndex = 1; lastKnownFileType = text.xcconfig; name = "Pods-AlarmManager.release.xcconfig"; path = "Pods/Target Support Files/Pods-AlarmManager/Pods-AlarmManager.release.xcconfig"; sourceTree = "<group>"; };
/* End PBXFileReference section */

/* Begin PBXFrameworksBuildPhase section */
		8C93B0FB21499ADD001EB601 /* Frameworks */ = {
			isa = PBXFrameworksBuildPhase;
			buildActionMask = 2147483647;
			files = (
				1FB23D5826161E1B2A67668A /* Pods_AlarmManager.framework in Frameworks */,
			);
			runOnlyForDeploymentPostprocessing = 0;
		};
/* End PBXFrameworksBuildPhase section */

/* Begin PBXGroup section */
		8C93B0F521499ADD001EB601 = {
			isa = PBXGroup;
			children = (
				8C93B10021499ADD001EB601 /* AlarmManager */,
				8C93B0FF21499ADD001EB601 /* Products */,
				A85978291250C42376C51EC3 /* Pods */,
				C67B5626FA1D3FF5BB8B91E8 /* Frameworks */,
			);
			sourceTree = "<group>";
		};
		8C93B0FF21499ADD001EB601 /* Products */ = {
			isa = PBXGroup;
			children = (
				8C93B0FE21499ADD001EB601 /* AlarmManager.app */,
			);
			name = Products;
			sourceTree = "<group>";
		};
		8C93B10021499ADD001EB601 /* AlarmManager */ = {
			isa = PBXGroup;
			children = (
				8C93B1212149C65E001EB601 /* View */,
				8C93B11E2149C645001EB601 /* App */,
				8C93B11C2149C622001EB601 /* Supporting Files */,
				8C93B10521499ADD001EB601 /* Main.storyboard */,
				8C93B10B21499AE0001EB601 /* Assets.xcassets */,
				8C93B10D21499AE0001EB601 /* LaunchScreen.storyboard */,
				8C93B11021499AE0001EB601 /* Info.plist */,
				8C93B10821499ADD001EB601 /* AlarmManager.xcdatamodeld */,
			);
			path = AlarmManager;
			sourceTree = "<group>";
		};
		8C93B11C2149C622001EB601 /* Supporting Files */ = {
			isa = PBXGroup;
			children = (
				8CD8A8222155638B008170E0 /* bell.mp3 */,
			);
			path = "Supporting Files";
			sourceTree = "<group>";
		};
		8C93B11E2149C645001EB601 /* App */ = {
			isa = PBXGroup;
			children = (
				8C93B10121499ADD001EB601 /* AppDelegate.swift */,
			);
			path = App;
			sourceTree = "<group>";
		};
		8C93B1212149C65E001EB601 /* View */ = {
			isa = PBXGroup;
			children = (
				8CBE8E46214BF6C5006B6328 /* UIWindow+Extension.swift */,
				8C93B10321499ADD001EB601 /* ViewController.swift */,
			);
			path = View;
			sourceTree = "<group>";
		};
		A85978291250C42376C51EC3 /* Pods */ = {
			isa = PBXGroup;
			children = (
				28C2B22378C9518C39AB2883 /* Pods-AlarmManager.debug.xcconfig */,
				96ECCD03E9A8CF9B804EF127 /* Pods-AlarmManager.release.xcconfig */,
			);
			name = Pods;
			sourceTree = "<group>";
		};
		C67B5626FA1D3FF5BB8B91E8 /* Frameworks */ = {
			isa = PBXGroup;
			children = (
				3842B8C653DB03D3CFAF7E31 /* Pods_AlarmManager.framework */,
			);
			name = Frameworks;
			sourceTree = "<group>";
		};
/* End PBXGroup section */

/* Begin PBXNativeTarget section */
		8C93B0FD21499ADD001EB601 /* AlarmManager */ = {
			isa = PBXNativeTarget;
			buildConfigurationList = 8C93B11321499AE0001EB601 /* Build configuration list for PBXNativeTarget "AlarmManager" */;
			buildPhases = (
				A851965196327EC11A61EE23 /* [CP] Check Pods Manifest.lock */,
				8C93B0FA21499ADD001EB601 /* Sources */,
				8C93B0FB21499ADD001EB601 /* Frameworks */,
				8C93B0FC21499ADD001EB601 /* Resources */,
				643EAC2E6BF2835AE7C14624 /* [CP] Embed Pods Frameworks */,
			);
			buildRules = (
			);
			dependencies = (
			);
			name = AlarmManager;
			productName = AlarmManager;
			productReference = 8C93B0FE21499ADD001EB601 /* AlarmManager.app */;
			productType = "com.apple.product-type.application";
		};
/* End PBXNativeTarget section */

/* Begin PBXProject section */
		8C93B0F621499ADD001EB601 /* Project object */ = {
			isa = PBXProject;
			attributes = {
				LastSwiftUpdateCheck = 0940;
				LastUpgradeCheck = 0940;
				ORGANIZATIONNAME = "Ricardo Bocchi";
				TargetAttributes = {
					8C93B0FD21499ADD001EB601 = {
						CreatedOnToolsVersion = 9.4.1;
					};
				};
			};
			buildConfigurationList = 8C93B0F921499ADD001EB601 /* Build configuration list for PBXProject "AlarmManager" */;
			compatibilityVersion = "Xcode 9.3";
			developmentRegion = en;
			hasScannedForEncodings = 0;
			knownRegions = (
				en,
				Base,
			);
			mainGroup = 8C93B0F521499ADD001EB601;
			productRefGroup = 8C93B0FF21499ADD001EB601 /* Products */;
			projectDirPath = "";
			projectRoot = "";
			targets = (
				8C93B0FD21499ADD001EB601 /* AlarmManager */,
			);
		};
/* End PBXProject section */

/* Begin PBXResourcesBuildPhase section */
		8C93B0FC21499ADD001EB601 /* Resources */ = {
			isa = PBXResourcesBuildPhase;
			buildActionMask = 2147483647;
			files = (
				8C93B10F21499AE0001EB601 /* LaunchScreen.storyboard in Resources */,
				8CD8A8232155638C008170E0 /* bell.mp3 in Resources */,
				8C93B10C21499AE0001EB601 /* Assets.xcassets in Resources */,
				8C93B10721499ADD001EB601 /* Main.storyboard in Resources */,
			);
			runOnlyForDeploymentPostprocessing = 0;
		};
/* End PBXResourcesBuildPhase section */

/* Begin PBXShellScriptBuildPhase section */
		643EAC2E6BF2835AE7C14624 /* [CP] Embed Pods Frameworks */ = {
			isa = PBXShellScriptBuildPhase;
			buildActionMask = 2147483647;
			files = (
			);
			inputPaths = (
				"${SRCROOT}/Pods/Target Support Files/Pods-AlarmManager/Pods-AlarmManager-frameworks.sh",
				"${BUILT_PRODUCTS_DIR}/NativeScriptAlarm/NativeScriptAlarm.framework",
			);
			name = "[CP] Embed Pods Frameworks";
			outputPaths = (
				"${TARGET_BUILD_DIR}/${FRAMEWORKS_FOLDER_PATH}/NativeScriptAlarm.framework",
			);
			runOnlyForDeploymentPostprocessing = 0;
			shellPath = /bin/sh;
			shellScript = "\"${SRCROOT}/Pods/Target Support Files/Pods-AlarmManager/Pods-AlarmManager-frameworks.sh\"\n";
			showEnvVarsInLog = 0;
		};
		A851965196327EC11A61EE23 /* [CP] Check Pods Manifest.lock */ = {
			isa = PBXShellScriptBuildPhase;
			buildActionMask = 2147483647;
			files = (
			);
			inputPaths = (
				"${PODS_PODFILE_DIR_PATH}/Podfile.lock",
				"${PODS_ROOT}/Manifest.lock",
			);
			name = "[CP] Check Pods Manifest.lock";
			outputPaths = (
				"$(DERIVED_FILE_DIR)/Pods-AlarmManager-checkManifestLockResult.txt",
			);
			runOnlyForDeploymentPostprocessing = 0;
			shellPath = /bin/sh;
			shellScript = "diff \"${PODS_PODFILE_DIR_PATH}/Podfile.lock\" \"${PODS_ROOT}/Manifest.lock\" > /dev/null\nif [ $? != 0 ] ; then\n    # print error to STDERR\n    echo \"error: The sandbox is not in sync with the Podfile.lock. Run 'pod install' or update your CocoaPods installation.\" >&2\n    exit 1\nfi\n# This output is used by Xcode 'outputs' to avoid re-running this script phase.\necho \"SUCCESS\" > \"${SCRIPT_OUTPUT_FILE_0}\"\n";
			showEnvVarsInLog = 0;
		};
/* End PBXShellScriptBuildPhase section */

/* Begin PBXSourcesBuildPhase section */
		8C93B0FA21499ADD001EB601 /* Sources */ = {
			isa = PBXSourcesBuildPhase;
			buildActionMask = 2147483647;
			files = (
				8C93B10A21499ADD001EB601 /* AlarmManager.xcdatamodeld in Sources */,
				8CBE8E47214BF6C5006B6328 /* UIWindow+Extension.swift in Sources */,
				8C93B10421499ADD001EB601 /* ViewController.swift in Sources */,
				8C93B10221499ADD001EB601 /* AppDelegate.swift in Sources */,
			);
			runOnlyForDeploymentPostprocessing = 0;
		};
/* End PBXSourcesBuildPhase section */

/* Begin PBXVariantGroup section */
		8C93B10521499ADD001EB601 /* Main.storyboard */ = {
			isa = PBXVariantGroup;
			children = (
				8C93B10621499ADD001EB601 /* Base */,
			);
			name = Main.storyboard;
			sourceTree = "<group>";
		};
		8C93B10D21499AE0001EB601 /* LaunchScreen.storyboard */ = {
			isa = PBXVariantGroup;
			children = (
				8C93B10E21499AE0001EB601 /* Base */,
			);
			name = LaunchScreen.storyboard;
			sourceTree = "<group>";
		};
/* End PBXVariantGroup section */

/* Begin XCBuildConfiguration section */
		8C93B11121499AE0001EB601 /* Debug */ = {
			isa = XCBuildConfiguration;
			buildSettings = {
				ALWAYS_SEARCH_USER_PATHS = NO;
				CLANG_ANALYZER_NONNULL = YES;
				CLANG_ANALYZER_NUMBER_OBJECT_CONVERSION = YES_AGGRESSIVE;
				CLANG_CXX_LANGUAGE_STANDARD = "gnu++14";
				CLANG_CXX_LIBRARY = "libc++";
				CLANG_ENABLE_MODULES = YES;
				CLANG_ENABLE_OBJC_ARC = YES;
				CLANG_ENABLE_OBJC_WEAK = YES;
				CLANG_WARN_BLOCK_CAPTURE_AUTORELEASING = YES;
				CLANG_WARN_BOOL_CONVERSION = YES;
				CLANG_WARN_COMMA = YES;
				CLANG_WARN_CONSTANT_CONVERSION = YES;
				CLANG_WARN_DEPRECATED_OBJC_IMPLEMENTATIONS = YES;
				CLANG_WARN_DIRECT_OBJC_ISA_USAGE = YES_ERROR;
				CLANG_WARN_DOCUMENTATION_COMMENTS = YES;
				CLANG_WARN_EMPTY_BODY = YES;
				CLANG_WARN_ENUM_CONVERSION = YES;
				CLANG_WARN_INFINITE_RECURSION = YES;
				CLANG_WARN_INT_CONVERSION = YES;
				CLANG_WARN_NON_LITERAL_NULL_CONVERSION = YES;
				CLANG_WARN_OBJC_IMPLICIT_RETAIN_SELF = YES;
				CLANG_WARN_OBJC_LITERAL_CONVERSION = YES;
				CLANG_WARN_OBJC_ROOT_CLASS = YES_ERROR;
				CLANG_WARN_RANGE_LOOP_ANALYSIS = YES;
				CLANG_WARN_STRICT_PROTOTYPES = YES;
				CLANG_WARN_SUSPICIOUS_MOVE = YES;
				CLANG_WARN_UNGUARDED_AVAILABILITY = YES_AGGRESSIVE;
				CLANG_WARN_UNREACHABLE_CODE = YES;
				CLANG_WARN__DUPLICATE_METHOD_MATCH = YES;
				CODE_SIGN_IDENTITY = "iPhone Developer";
				COPY_PHASE_STRIP = NO;
				DEBUG_INFORMATION_FORMAT = dwarf;
				ENABLE_STRICT_OBJC_MSGSEND = YES;
				ENABLE_TESTABILITY = YES;
				GCC_C_LANGUAGE_STANDARD = gnu11;
				GCC_DYNAMIC_NO_PIC = NO;
				GCC_NO_COMMON_BLOCKS = YES;
				GCC_OPTIMIZATION_LEVEL = 0;
				GCC_PREPROCESSOR_DEFINITIONS = (
					"DEBUG=1",
					"$(inherited)",
				);
				GCC_WARN_64_TO_32_BIT_CONVERSION = YES;
				GCC_WARN_ABOUT_RETURN_TYPE = YES_ERROR;
				GCC_WARN_UNDECLARED_SELECTOR = YES;
				GCC_WARN_UNINITIALIZED_AUTOS = YES_AGGRESSIVE;
				GCC_WARN_UNUSED_FUNCTION = YES;
				GCC_WARN_UNUSED_VARIABLE = YES;
				IPHONEOS_DEPLOYMENT_TARGET = 11.4;
				MTL_ENABLE_DEBUG_INFO = YES;
				ONLY_ACTIVE_ARCH = YES;
				SDKROOT = iphoneos;
				SWIFT_ACTIVE_COMPILATION_CONDITIONS = DEBUG;
				SWIFT_OPTIMIZATION_LEVEL = "-Onone";
			};
			name = Debug;
		};
		8C93B11221499AE0001EB601 /* Release */ = {
			isa = XCBuildConfiguration;
			buildSettings = {
				ALWAYS_SEARCH_USER_PATHS = NO;
				CLANG_ANALYZER_NONNULL = YES;
				CLANG_ANALYZER_NUMBER_OBJECT_CONVERSION = YES_AGGRESSIVE;
				CLANG_CXX_LANGUAGE_STANDARD = "gnu++14";
				CLANG_CXX_LIBRARY = "libc++";
				CLANG_ENABLE_MODULES = YES;
				CLANG_ENABLE_OBJC_ARC = YES;
				CLANG_ENABLE_OBJC_WEAK = YES;
				CLANG_WARN_BLOCK_CAPTURE_AUTORELEASING = YES;
				CLANG_WARN_BOOL_CONVERSION = YES;
				CLANG_WARN_COMMA = YES;
				CLANG_WARN_CONSTANT_CONVERSION = YES;
				CLANG_WARN_DEPRECATED_OBJC_IMPLEMENTATIONS = YES;
				CLANG_WARN_DIRECT_OBJC_ISA_USAGE = YES_ERROR;
				CLANG_WARN_DOCUMENTATION_COMMENTS = YES;
				CLANG_WARN_EMPTY_BODY = YES;
				CLANG_WARN_ENUM_CONVERSION = YES;
				CLANG_WARN_INFINITE_RECURSION = YES;
				CLANG_WARN_INT_CONVERSION = YES;
				CLANG_WARN_NON_LITERAL_NULL_CONVERSION = YES;
				CLANG_WARN_OBJC_IMPLICIT_RETAIN_SELF = YES;
				CLANG_WARN_OBJC_LITERAL_CONVERSION = YES;
				CLANG_WARN_OBJC_ROOT_CLASS = YES_ERROR;
				CLANG_WARN_RANGE_LOOP_ANALYSIS = YES;
				CLANG_WARN_STRICT_PROTOTYPES = YES;
				CLANG_WARN_SUSPICIOUS_MOVE = YES;
				CLANG_WARN_UNGUARDED_AVAILABILITY = YES_AGGRESSIVE;
				CLANG_WARN_UNREACHABLE_CODE = YES;
				CLANG_WARN__DUPLICATE_METHOD_MATCH = YES;
				CODE_SIGN_IDENTITY = "iPhone Developer";
				COPY_PHASE_STRIP = NO;
				DEBUG_INFORMATION_FORMAT = "dwarf-with-dsym";
				ENABLE_NS_ASSERTIONS = NO;
				ENABLE_STRICT_OBJC_MSGSEND = YES;
				GCC_C_LANGUAGE_STANDARD = gnu11;
				GCC_NO_COMMON_BLOCKS = YES;
				GCC_WARN_64_TO_32_BIT_CONVERSION = YES;
				GCC_WARN_ABOUT_RETURN_TYPE = YES_ERROR;
				GCC_WARN_UNDECLARED_SELECTOR = YES;
				GCC_WARN_UNINITIALIZED_AUTOS = YES_AGGRESSIVE;
				GCC_WARN_UNUSED_FUNCTION = YES;
				GCC_WARN_UNUSED_VARIABLE = YES;
				IPHONEOS_DEPLOYMENT_TARGET = 11.4;
				MTL_ENABLE_DEBUG_INFO = NO;
				SDKROOT = iphoneos;
				SWIFT_COMPILATION_MODE = wholemodule;
				SWIFT_OPTIMIZATION_LEVEL = "-O";
				VALIDATE_PRODUCT = YES;
			};
			name = Release;
		};
		8C93B11421499AE0001EB601 /* Debug */ = {
			isa = XCBuildConfiguration;
			baseConfigurationReference = 28C2B22378C9518C39AB2883 /* Pods-AlarmManager.debug.xcconfig */;
			buildSettings = {
				ASSETCATALOG_COMPILER_APPICON_NAME = AppIcon;
				CODE_SIGN_STYLE = Automatic;
				DEVELOPMENT_TEAM = QVUFUDQE96;
				INFOPLIST_FILE = AlarmManager/Info.plist;
				IPHONEOS_DEPLOYMENT_TARGET = 10.0;
				LD_RUNPATH_SEARCH_PATHS = (
					"$(inherited)",
					"@executable_path/Frameworks",
				);
				PRODUCT_BUNDLE_IDENTIFIER = br.com.mobilemin.AlarmManager;
				PRODUCT_NAME = "$(TARGET_NAME)";
				SWIFT_VERSION = 4.0;
				TARGETED_DEVICE_FAMILY = "1,2";
			};
			name = Debug;
		};
		8C93B11521499AE0001EB601 /* Release */ = {
			isa = XCBuildConfiguration;
			baseConfigurationReference = 96ECCD03E9A8CF9B804EF127 /* Pods-AlarmManager.release.xcconfig */;
			buildSettings = {
				ASSETCATALOG_COMPILER_APPICON_NAME = AppIcon;
				CODE_SIGN_STYLE = Automatic;
				DEVELOPMENT_TEAM = QVUFUDQE96;
				INFOPLIST_FILE = AlarmManager/Info.plist;
				IPHONEOS_DEPLOYMENT_TARGET = 10.0;
				LD_RUNPATH_SEARCH_PATHS = (
					"$(inherited)",
					"@executable_path/Frameworks",
				);
				PRODUCT_BUNDLE_IDENTIFIER = br.com.mobilemin.AlarmManager;
				PRODUCT_NAME = "$(TARGET_NAME)";
				SWIFT_VERSION = 4.0;
				TARGETED_DEVICE_FAMILY = "1,2";
			};
			name = Release;
		};
/* End XCBuildConfiguration section */

/* Begin XCConfigurationList section */
		8C93B0F921499ADD001EB601 /* Build configuration list for PBXProject "AlarmManager" */ = {
			isa = XCConfigurationList;
			buildConfigurations = (
				8C93B11121499AE0001EB601 /* Debug */,
				8C93B11221499AE0001EB601 /* Release */,
			);
			defaultConfigurationIsVisible = 0;
			defaultConfigurationName = Release;
		};
		8C93B11321499AE0001EB601 /* Build configuration list for PBXNativeTarget "AlarmManager" */ = {
			isa = XCConfigurationList;
			buildConfigurations = (
				8C93B11421499AE0001EB601 /* Debug */,
				8C93B11521499AE0001EB601 /* Release */,
			);
			defaultConfigurationIsVisible = 0;
			defaultConfigurationName = Release;
		};
/* End XCConfigurationList section */

/* Begin XCVersionGroup section */
		8C93B10821499ADD001EB601 /* AlarmManager.xcdatamodeld */ = {
			isa = XCVersionGroup;
			children = (
				8C93B10921499ADD001EB601 /* AlarmManager.xcdatamodel */,
			);
			currentVersion = 8C93B10921499ADD001EB601 /* AlarmManager.xcdatamodel */;
			path = AlarmManager.xcdatamodeld;
			sourceTree = "<group>";
			versionGroupType = wrapper.xcdatamodel;
		};
/* End XCVersionGroup section */
	};
	rootObject = 8C93B0F621499ADD001EB601 /* Project object */;
}
